
Microsoft Visual Studio Solution File, Format Version 12.00
# Visual Studio Version 17
VisualStudioVersion = 17.2.32519.379
MinimumVisualStudioVersion = 10.0.40219.1
Project("{FAE04EC0-301F-11D3-BF4B-00C04F79EFBC}") = "SwordDamage_Console_Part_1", "SwordDamage_Console_Part_1.csproj", "{6F1248FF-C590-444A-B284-39CB25084ACF}"
EndProject
Global
	GlobalSection(SolutionConfigurationPlatforms) = preSolution
		Debug|Any CPU = Debug|Any CPU
		Release|Any CPU = Release|Any CPU
	EndGlobalSection
	GlobalSection(ProjectConfigurationPlatforms) = postSolution
		{6F1248FF-C590-444A-B284-39CB25084ACF}.Debug|Any CPU.ActiveCfg = Debug|Any CPU
		{6F1248FF-C590-444A-B284-39CB25084ACF}.Debug|Any CPU.Build.0 = Debug|Any CPU
		{6F1248FF-C590-444A-B284-39CB25084ACF}.Release|Any CPU.ActiveCfg = Release|Any CPU
		{6F1248FF-C590-444A-B284-39CB25084ACF}.Release|Any CPU.Build.0 = Release|Any CPU
	EndGlobalSection
	GlobalSection(SolutionProperties) = preSolution
		HideSolutionNode = FALSE
	EndGlobalSection
	GlobalSection(ExtensibilityGlobals) = postSolution
		SolutionGuid = {7466714D-E9CA-4176-85C5-3D8700E41012}
	EndGlobalSection
EndGlobal
